
Microsoft Visual Studio Solution File, Format Version 12.00
Project("{FAE04EC0-301F-11D3-BF4B-00C04F79EFBC}") = "K8s.Service.Template", "K8s.Service.Template\K8s.Service.Template.csproj", "{1BB62CEE-02D1-4CE1-8832-B6918C777600}"
EndProject
Global
	GlobalSection(SolutionConfigurationPlatforms) = preSolution
		Debug|Any CPU = Debug|Any CPU
		Release|Any CPU = Release|Any CPU
	EndGlobalSection
	GlobalSection(ProjectConfigurationPlatforms) = postSolution
		{1BB62CEE-02D1-4CE1-8832-B6918C777600}.Debug|Any CPU.ActiveCfg = Debug|Any CPU
		{1BB62CEE-02D1-4CE1-8832-B6918C777600}.Debug|Any CPU.Build.0 = Debug|Any CPU
		{1BB62CEE-02D1-4CE1-8832-B6918C777600}.Release|Any CPU.ActiveCfg = Release|Any CPU
		{1BB62CEE-02D1-4CE1-8832-B6918C777600}.Release|Any CPU.Build.0 = Release|Any CPU
	EndGlobalSection
EndGlobal
